
Microsoft Visual Studio Solution File, Format Version 12.00
Project("{FAE04EC0-301F-11D3-BF4B-00C04F79EFBC}") = "AvaloniaApplication7", "AvaloniaApplication7\AvaloniaApplication7.csproj", "{EFEC7776-A9AF-491E-AC77-F738C3046077}"
EndProject
Project("{FAE04EC0-301F-11D3-BF4B-00C04F79EFBC}") = "WebApplication1", "WebApplication1\WebApplication1.csproj", "{52C6FFFD-16B2-4626-95A5-B32FB11A9A45}"
EndProject
Global
	GlobalSection(SolutionConfigurationPlatforms) = preSolution
		Debug|Any CPU = Debug|Any CPU
		Release|Any CPU = Release|Any CPU
	EndGlobalSection
	GlobalSection(ProjectConfigurationPlatforms) = postSolution
		{EFEC7776-A9AF-491E-AC77-F738C3046077}.Debug|Any CPU.ActiveCfg = Debug|Any CPU
		{EFEC7776-A9AF-491E-AC77-F738C3046077}.Debug|Any CPU.Build.0 = Debug|Any CPU
		{EFEC7776-A9AF-491E-AC77-F738C3046077}.Release|Any CPU.ActiveCfg = Release|Any CPU
		{EFEC7776-A9AF-491E-AC77-F738C3046077}.Release|Any CPU.Build.0 = Release|Any CPU
		{52C6FFFD-16B2-4626-95A5-B32FB11A9A45}.Debug|Any CPU.ActiveCfg = Debug|Any CPU
		{52C6FFFD-16B2-4626-95A5-B32FB11A9A45}.Debug|Any CPU.Build.0 = Debug|Any CPU
		{52C6FFFD-16B2-4626-95A5-B32FB11A9A45}.Release|Any CPU.ActiveCfg = Release|Any CPU
		{52C6FFFD-16B2-4626-95A5-B32FB11A9A45}.Release|Any CPU.Build.0 = Release|Any CPU
	EndGlobalSection
EndGlobal
